// !$*UTF8*$!
{
	archiveVersion = 1;
	classes = {
	};
	objectVersion = 55;
	objects = {

/* Begin PBXBuildFile section */
		F1D74672287501CA0055DA7B /* AppDelegate.swift in Sources */ = {isa = PBXBuildFile; fileRef = F1D74671287501CA0055DA7B /* AppDelegate.swift */; };
		F1D74674287501CA0055DA7B /* SceneDelegate.swift in Sources */ = {isa = PBXBuildFile; fileRef = F1D74673287501CA0055DA7B /* SceneDelegate.swift */; };
		F1D7467B287501CC0055DA7B /* Assets.xcassets in Resources */ = {isa = PBXBuildFile; fileRef = F1D7467A287501CC0055DA7B /* Assets.xcassets */; };
		F1D7467E287501CC0055DA7B /* LaunchScreen.storyboard in Resources */ = {isa = PBXBuildFile; fileRef = F1D7467C287501CC0055DA7B /* LaunchScreen.storyboard */; };
		F1D74693287501CC0055DA7B /* Quality_Of_LifeUITests.swift in Sources */ = {isa = PBXBuildFile; fileRef = F1D74692287501CC0055DA7B /* Quality_Of_LifeUITests.swift */; };
		F1D74695287501CC0055DA7B /* Quality_Of_LifeUITestsLaunchTests.swift in Sources */ = {isa = PBXBuildFile; fileRef = F1D74694287501CC0055DA7B /* Quality_Of_LifeUITestsLaunchTests.swift */; };
		F1D746A3287503F00055DA7B /* ServiceProvider.swift in Sources */ = {isa = PBXBuildFile; fileRef = F1D746A2287503F00055DA7B /* ServiceProvider.swift */; };
		F1D746A7287504360055DA7B /* APIError.swift in Sources */ = {isa = PBXBuildFile; fileRef = F1D746A6287504360055DA7B /* APIError.swift */; };
		F1D746AA28750CC00055DA7B /* MostPopulatedCitiesResponse.swift in Sources */ = {isa = PBXBuildFile; fileRef = F1D746A928750CC00055DA7B /* MostPopulatedCitiesResponse.swift */; };
		F1D746B4287510000055DA7B /* CitiesPresenter.swift in Sources */ = {isa = PBXBuildFile; fileRef = F1D746AE287510000055DA7B /* CitiesPresenter.swift */; };
		F1D746B5287510000055DA7B /* CitiesWorker.swift in Sources */ = {isa = PBXBuildFile; fileRef = F1D746AF287510000055DA7B /* CitiesWorker.swift */; };
		F1D746B6287510000055DA7B /* CitiesRouter.swift in Sources */ = {isa = PBXBuildFile; fileRef = F1D746B0287510000055DA7B /* CitiesRouter.swift */; };
		F1D746B7287510000055DA7B /* CitiesModels.swift in Sources */ = {isa = PBXBuildFile; fileRef = F1D746B1287510000055DA7B /* CitiesModels.swift */; };
		F1D746B8287510000055DA7B /* CitiesViewController.swift in Sources */ = {isa = PBXBuildFile; fileRef = F1D746B2287510000055DA7B /* CitiesViewController.swift */; };
		F1D746B9287510000055DA7B /* CitiesInteractor.swift in Sources */ = {isa = PBXBuildFile; fileRef = F1D746B3287510000055DA7B /* CitiesInteractor.swift */; };
		F1D746BB287510250055DA7B /* CitiesView.swift in Sources */ = {isa = PBXBuildFile; fileRef = F1D746BA287510250055DA7B /* CitiesView.swift */; };
		F1F326C1287647AD00464152 /* CitiesViewControllerTests.swift in Sources */ = {isa = PBXBuildFile; fileRef = F1F326BD287647AD00464152 /* CitiesViewControllerTests.swift */; };
		F1F326C2287647AD00464152 /* CitiesInteractorTests.swift in Sources */ = {isa = PBXBuildFile; fileRef = F1F326BE287647AD00464152 /* CitiesInteractorTests.swift */; };
		F1F326C4287647AD00464152 /* CitiesPresenterTests.swift in Sources */ = {isa = PBXBuildFile; fileRef = F1F326C0287647AD00464152 /* CitiesPresenterTests.swift */; };
		F1F326C728764DDC00464152 /* TestServiceAPI.swift in Sources */ = {isa = PBXBuildFile; fileRef = F1F326C628764DDC00464152 /* TestServiceAPI.swift */; };
/* End PBXBuildFile section */

/* Begin PBXContainerItemProxy section */
		F1D74685287501CC0055DA7B /* PBXContainerItemProxy */ = {
			isa = PBXContainerItemProxy;
			containerPortal = F1D74666287501CA0055DA7B /* Project object */;
			proxyType = 1;
			remoteGlobalIDString = F1D7466D287501CA0055DA7B;
			remoteInfo = "Quality Of Life";
		};
		F1D7468F287501CC0055DA7B /* PBXContainerItemProxy */ = {
			isa = PBXContainerItemProxy;
			containerPortal = F1D74666287501CA0055DA7B /* Project object */;
			proxyType = 1;
			remoteGlobalIDString = F1D7466D287501CA0055DA7B;
			remoteInfo = "Quality Of Life";
		};
/* End PBXContainerItemProxy section */

/* Begin PBXFileReference section */
		F1D7466E287501CA0055DA7B /* Quality Of Life.app */ = {isa = PBXFileReference; explicitFileType = wrapper.application; includeInIndex = 0; path = "Quality Of Life.app"; sourceTree = BUILT_PRODUCTS_DIR; };
		F1D74671287501CA0055DA7B /* AppDelegate.swift */ = {isa = PBXFileReference; lastKnownFileType = sourcecode.swift; path = AppDelegate.swift; sourceTree = "<group>"; };
		F1D74673287501CA0055DA7B /* SceneDelegate.swift */ = {isa = PBXFileReference; lastKnownFileType = sourcecode.swift; path = SceneDelegate.swift; sourceTree = "<group>"; };
		F1D7467A287501CC0055DA7B /* Assets.xcassets */ = {isa = PBXFileReference; lastKnownFileType = folder.assetcatalog; path = Assets.xcassets; sourceTree = "<group>"; };
		F1D7467D287501CC0055DA7B /* Base */ = {isa = PBXFileReference; lastKnownFileType = file.storyboard; name = Base; path = Base.lproj/LaunchScreen.storyboard; sourceTree = "<group>"; };
		F1D7467F287501CC0055DA7B /* Info.plist */ = {isa = PBXFileReference; lastKnownFileType = text.plist.xml; path = Info.plist; sourceTree = "<group>"; };
		F1D74684287501CC0055DA7B /* Quality Of LifeTests.xctest */ = {isa = PBXFileReference; explicitFileType = wrapper.cfbundle; includeInIndex = 0; path = "Quality Of LifeTests.xctest"; sourceTree = BUILT_PRODUCTS_DIR; };
		F1D7468E287501CC0055DA7B /* Quality Of LifeUITests.xctest */ = {isa = PBXFileReference; explicitFileType = wrapper.cfbundle; includeInIndex = 0; path = "Quality Of LifeUITests.xctest"; sourceTree = BUILT_PRODUCTS_DIR; };
		F1D74692287501CC0055DA7B /* Quality_Of_LifeUITests.swift */ = {isa = PBXFileReference; lastKnownFileType = sourcecode.swift; path = Quality_Of_LifeUITests.swift; sourceTree = "<group>"; };
		F1D74694287501CC0055DA7B /* Quality_Of_LifeUITestsLaunchTests.swift */ = {isa = PBXFileReference; lastKnownFileType = sourcecode.swift; path = Quality_Of_LifeUITestsLaunchTests.swift; sourceTree = "<group>"; };
		F1D746A2287503F00055DA7B /* ServiceProvider.swift */ = {isa = PBXFileReference; lastKnownFileType = sourcecode.swift; path = ServiceProvider.swift; sourceTree = "<group>"; };
		F1D746A6287504360055DA7B /* APIError.swift */ = {isa = PBXFileReference; lastKnownFileType = sourcecode.swift; path = APIError.swift; sourceTree = "<group>"; };
		F1D746A928750CC00055DA7B /* MostPopulatedCitiesResponse.swift */ = {isa = PBXFileReference; lastKnownFileType = sourcecode.swift; path = MostPopulatedCitiesResponse.swift; sourceTree = "<group>"; };
		F1D746AE287510000055DA7B /* CitiesPresenter.swift */ = {isa = PBXFileReference; lastKnownFileType = sourcecode.swift; path = CitiesPresenter.swift; sourceTree = "<group>"; };
		F1D746AF287510000055DA7B /* CitiesWorker.swift */ = {isa = PBXFileReference; lastKnownFileType = sourcecode.swift; path = CitiesWorker.swift; sourceTree = "<group>"; };
		F1D746B0287510000055DA7B /* CitiesRouter.swift */ = {isa = PBXFileReference; lastKnownFileType = sourcecode.swift; path = CitiesRouter.swift; sourceTree = "<group>"; };
		F1D746B1287510000055DA7B /* CitiesModels.swift */ = {isa = PBXFileReference; lastKnownFileType = sourcecode.swift; path = CitiesModels.swift; sourceTree = "<group>"; };
		F1D746B2287510000055DA7B /* CitiesViewController.swift */ = {isa = PBXFileReference; lastKnownFileType = sourcecode.swift; path = CitiesViewController.swift; sourceTree = "<group>"; };
		F1D746B3287510000055DA7B /* CitiesInteractor.swift */ = {isa = PBXFileReference; lastKnownFileType = sourcecode.swift; path = CitiesInteractor.swift; sourceTree = "<group>"; };
		F1D746BA287510250055DA7B /* CitiesView.swift */ = {isa = PBXFileReference; lastKnownFileType = sourcecode.swift; path = CitiesView.swift; sourceTree = "<group>"; };
		F1F326BD287647AD00464152 /* CitiesViewControllerTests.swift */ = {isa = PBXFileReference; lastKnownFileType = sourcecode.swift; path = CitiesViewControllerTests.swift; sourceTree = "<group>"; };
		F1F326BE287647AD00464152 /* CitiesInteractorTests.swift */ = {isa = PBXFileReference; lastKnownFileType = sourcecode.swift; path = CitiesInteractorTests.swift; sourceTree = "<group>"; };
		F1F326C0287647AD00464152 /* CitiesPresenterTests.swift */ = {isa = PBXFileReference; lastKnownFileType = sourcecode.swift; path = CitiesPresenterTests.swift; sourceTree = "<group>"; };
		F1F326C628764DDC00464152 /* TestServiceAPI.swift */ = {isa = PBXFileReference; lastKnownFileType = sourcecode.swift; path = TestServiceAPI.swift; sourceTree = "<group>"; };
/* End PBXFileReference section */

/* Begin PBXFrameworksBuildPhase section */
		F1D7466B287501CA0055DA7B /* Frameworks */ = {
			isa = PBXFrameworksBuildPhase;
			buildActionMask = 2147483647;
			files = (
			);
			runOnlyForDeploymentPostprocessing = 0;
		};
		F1D74681287501CC0055DA7B /* Frameworks */ = {
			isa = PBXFrameworksBuildPhase;
			buildActionMask = 2147483647;
			files = (
			);
			runOnlyForDeploymentPostprocessing = 0;
		};
		F1D7468B287501CC0055DA7B /* Frameworks */ = {
			isa = PBXFrameworksBuildPhase;
			buildActionMask = 2147483647;
			files = (
			);
			runOnlyForDeploymentPostprocessing = 0;
		};
/* End PBXFrameworksBuildPhase section */

/* Begin PBXGroup section */
		F1D74665287501CA0055DA7B = {
			isa = PBXGroup;
			children = (
				F1D74670287501CA0055DA7B /* Quality Of Life */,
				F1D74687287501CC0055DA7B /* Quality Of LifeTests */,
				F1D74691287501CC0055DA7B /* Quality Of LifeUITests */,
				F1D7466F287501CA0055DA7B /* Products */,
			);
			sourceTree = "<group>";
		};
		F1D7466F287501CA0055DA7B /* Products */ = {
			isa = PBXGroup;
			children = (
				F1D7466E287501CA0055DA7B /* Quality Of Life.app */,
				F1D74684287501CC0055DA7B /* Quality Of LifeTests.xctest */,
				F1D7468E287501CC0055DA7B /* Quality Of LifeUITests.xctest */,
			);
			name = Products;
			sourceTree = "<group>";
		};
		F1D74670287501CA0055DA7B /* Quality Of Life */ = {
			isa = PBXGroup;
			children = (
				F1D746A828750CAF0055DA7B /* Models */,
				F1D746A1287503E00055DA7B /* Service */,
				F1D746AD28750FE50055DA7B /* Features */,
				F1D74671287501CA0055DA7B /* AppDelegate.swift */,
				F1D74673287501CA0055DA7B /* SceneDelegate.swift */,
				F1D7467A287501CC0055DA7B /* Assets.xcassets */,
				F1D7467C287501CC0055DA7B /* LaunchScreen.storyboard */,
				F1D7467F287501CC0055DA7B /* Info.plist */,
			);
			path = "Quality Of Life";
			sourceTree = "<group>";
		};
		F1D74687287501CC0055DA7B /* Quality Of LifeTests */ = {
			isa = PBXGroup;
			children = (
				F1F326C628764DDC00464152 /* TestServiceAPI.swift */,
				F1F326BC287647A100464152 /* Cities */,
			);
			path = "Quality Of LifeTests";
			sourceTree = "<group>";
		};
		F1D74691287501CC0055DA7B /* Quality Of LifeUITests */ = {
			isa = PBXGroup;
			children = (
				F1D74692287501CC0055DA7B /* Quality_Of_LifeUITests.swift */,
				F1D74694287501CC0055DA7B /* Quality_Of_LifeUITestsLaunchTests.swift */,
			);
			path = "Quality Of LifeUITests";
			sourceTree = "<group>";
		};
		F1D746A1287503E00055DA7B /* Service */ = {
			isa = PBXGroup;
			children = (
				F1D746A6287504360055DA7B /* APIError.swift */,
				F1D746A2287503F00055DA7B /* ServiceProvider.swift */,
			);
			path = Service;
			sourceTree = "<group>";
		};
		F1D746A828750CAF0055DA7B /* Models */ = {
			isa = PBXGroup;
			children = (
				F1D746A928750CC00055DA7B /* MostPopulatedCitiesResponse.swift */,
			);
			path = Models;
			sourceTree = "<group>";
		};
		F1D746AC28750FC60055DA7B /* Cities */ = {
			isa = PBXGroup;
			children = (
				F1D746AE287510000055DA7B /* CitiesPresenter.swift */,
				F1D746AF287510000055DA7B /* CitiesWorker.swift */,
				F1D746B0287510000055DA7B /* CitiesRouter.swift */,
				F1D746B1287510000055DA7B /* CitiesModels.swift */,
				F1D746B2287510000055DA7B /* CitiesViewController.swift */,
				F1D746B3287510000055DA7B /* CitiesInteractor.swift */,
				F1D746BA287510250055DA7B /* CitiesView.swift */,
			);
			path = Cities;
			sourceTree = "<group>";
		};
		F1D746AD28750FE50055DA7B /* Features */ = {
			isa = PBXGroup;
			children = (
				F1D746AC28750FC60055DA7B /* Cities */,
				F1F326C5287648E200464152 /* City Details */,
			);
			path = Features;
			sourceTree = "<group>";
		};
		F1F326BC287647A100464152 /* Cities */ = {
			isa = PBXGroup;
			children = (
				F1F326BD287647AD00464152 /* CitiesViewControllerTests.swift */,
				F1F326BE287647AD00464152 /* CitiesInteractorTests.swift */,
				F1F326C0287647AD00464152 /* CitiesPresenterTests.swift */,
			);
			path = Cities;
			sourceTree = "<group>";
		};
		F1F326C5287648E200464152 /* City Details */ = {
			isa = PBXGroup;
			children = (
			);
			path = "City Details";
			sourceTree = "<group>";
		};
/* End PBXGroup section */

/* Begin PBXNativeTarget section */
		F1D7466D287501CA0055DA7B /* Quality Of Life */ = {
			isa = PBXNativeTarget;
			buildConfigurationList = F1D74698287501CC0055DA7B /* Build configuration list for PBXNativeTarget "Quality Of Life" */;
			buildPhases = (
				F1D7466A287501CA0055DA7B /* Sources */,
				F1D7466B287501CA0055DA7B /* Frameworks */,
				F1D7466C287501CA0055DA7B /* Resources */,
			);
			buildRules = (
			);
			dependencies = (
			);
			name = "Quality Of Life";
			productName = "Quality Of Life";
			productReference = F1D7466E287501CA0055DA7B /* Quality Of Life.app */;
			productType = "com.apple.product-type.application";
		};
		F1D74683287501CC0055DA7B /* Quality Of LifeTests */ = {
			isa = PBXNativeTarget;
			buildConfigurationList = F1D7469B287501CC0055DA7B /* Build configuration list for PBXNativeTarget "Quality Of LifeTests" */;
			buildPhases = (
				F1D74680287501CC0055DA7B /* Sources */,
				F1D74681287501CC0055DA7B /* Frameworks */,
				F1D74682287501CC0055DA7B /* Resources */,
			);
			buildRules = (
			);
			dependencies = (
				F1D74686287501CC0055DA7B /* PBXTargetDependency */,
			);
			name = "Quality Of LifeTests";
			productName = "Quality Of LifeTests";
			productReference = F1D74684287501CC0055DA7B /* Quality Of LifeTests.xctest */;
			productType = "com.apple.product-type.bundle.unit-test";
		};
		F1D7468D287501CC0055DA7B /* Quality Of LifeUITests */ = {
			isa = PBXNativeTarget;
			buildConfigurationList = F1D7469E287501CC0055DA7B /* Build configuration list for PBXNativeTarget "Quality Of LifeUITests" */;
			buildPhases = (
				F1D7468A287501CC0055DA7B /* Sources */,
				F1D7468B287501CC0055DA7B /* Frameworks */,
				F1D7468C287501CC0055DA7B /* Resources */,
			);
			buildRules = (
			);
			dependencies = (
				F1D74690287501CC0055DA7B /* PBXTargetDependency */,
			);
			name = "Quality Of LifeUITests";
			productName = "Quality Of LifeUITests";
			productReference = F1D7468E287501CC0055DA7B /* Quality Of LifeUITests.xctest */;
			productType = "com.apple.product-type.bundle.ui-testing";
		};
/* End PBXNativeTarget section */

/* Begin PBXProject section */
		F1D74666287501CA0055DA7B /* Project object */ = {
			isa = PBXProject;
			attributes = {
				BuildIndependentTargetsInParallel = 1;
				LastSwiftUpdateCheck = 1340;
				LastUpgradeCheck = 1340;
				TargetAttributes = {
					F1D7466D287501CA0055DA7B = {
						CreatedOnToolsVersion = 13.4.1;
					};
					F1D74683287501CC0055DA7B = {
						CreatedOnToolsVersion = 13.4.1;
						TestTargetID = F1D7466D287501CA0055DA7B;
					};
					F1D7468D287501CC0055DA7B = {
						CreatedOnToolsVersion = 13.4.1;
						TestTargetID = F1D7466D287501CA0055DA7B;
					};
				};
			};
			buildConfigurationList = F1D74669287501CA0055DA7B /* Build configuration list for PBXProject "Quality Of Life" */;
			compatibilityVersion = "Xcode 13.0";
			developmentRegion = en;
			hasScannedForEncodings = 0;
			knownRegions = (
				en,
				Base,
			);
			mainGroup = F1D74665287501CA0055DA7B;
			productRefGroup = F1D7466F287501CA0055DA7B /* Products */;
			projectDirPath = "";
			projectRoot = "";
			targets = (
				F1D7466D287501CA0055DA7B /* Quality Of Life */,
				F1D74683287501CC0055DA7B /* Quality Of LifeTests */,
				F1D7468D287501CC0055DA7B /* Quality Of LifeUITests */,
			);
		};
/* End PBXProject section */

/* Begin PBXResourcesBuildPhase section */
		F1D7466C287501CA0055DA7B /* Resources */ = {
			isa = PBXResourcesBuildPhase;
			buildActionMask = 2147483647;
			files = (
				F1D7467E287501CC0055DA7B /* LaunchScreen.storyboard in Resources */,
				F1D7467B287501CC0055DA7B /* Assets.xcassets in Resources */,
			);
			runOnlyForDeploymentPostprocessing = 0;
		};
		F1D74682287501CC0055DA7B /* Resources */ = {
			isa = PBXResourcesBuildPhase;
			buildActionMask = 2147483647;
			files = (
			);
			runOnlyForDeploymentPostprocessing = 0;
		};
		F1D7468C287501CC0055DA7B /* Resources */ = {
			isa = PBXResourcesBuildPhase;
			buildActionMask = 2147483647;
			files = (
			);
			runOnlyForDeploymentPostprocessing = 0;
		};
/* End PBXResourcesBuildPhase section */

/* Begin PBXSourcesBuildPhase section */
		F1D7466A287501CA0055DA7B /* Sources */ = {
			isa = PBXSourcesBuildPhase;
			buildActionMask = 2147483647;
			files = (
				F1D746A3287503F00055DA7B /* ServiceProvider.swift in Sources */,
				F1D746B9287510000055DA7B /* CitiesInteractor.swift in Sources */,
				F1D746B8287510000055DA7B /* CitiesViewController.swift in Sources */,
				F1D74672287501CA0055DA7B /* AppDelegate.swift in Sources */,
				F1D74674287501CA0055DA7B /* SceneDelegate.swift in Sources */,
				F1D746B4287510000055DA7B /* CitiesPresenter.swift in Sources */,
				F1D746A7287504360055DA7B /* APIError.swift in Sources */,
				F1D746B5287510000055DA7B /* CitiesWorker.swift in Sources */,
				F1D746B7287510000055DA7B /* CitiesModels.swift in Sources */,
				F1D746AA28750CC00055DA7B /* MostPopulatedCitiesResponse.swift in Sources */,
				F1D746B6287510000055DA7B /* CitiesRouter.swift in Sources */,
				F1D746BB287510250055DA7B /* CitiesView.swift in Sources */,
			);
			runOnlyForDeploymentPostprocessing = 0;
		};
		F1D74680287501CC0055DA7B /* Sources */ = {
			isa = PBXSourcesBuildPhase;
			buildActionMask = 2147483647;
			files = (
				F1F326C1287647AD00464152 /* CitiesViewControllerTests.swift in Sources */,
				F1F326C4287647AD00464152 /* CitiesPresenterTests.swift in Sources */,
				F1F326C728764DDC00464152 /* TestServiceAPI.swift in Sources */,
				F1F326C2287647AD00464152 /* CitiesInteractorTests.swift in Sources */,
			);
			runOnlyForDeploymentPostprocessing = 0;
		};
		F1D7468A287501CC0055DA7B /* Sources */ = {
			isa = PBXSourcesBuildPhase;
			buildActionMask = 2147483647;
			files = (
				F1D74693287501CC0055DA7B /* Quality_Of_LifeUITests.swift in Sources */,
				F1D74695287501CC0055DA7B /* Quality_Of_LifeUITestsLaunchTests.swift in Sources */,
			);
			runOnlyForDeploymentPostprocessing = 0;
		};
/* End PBXSourcesBuildPhase section */

/* Begin PBXTargetDependency section */
		F1D74686287501CC0055DA7B /* PBXTargetDependency */ = {
			isa = PBXTargetDependency;
			target = F1D7466D287501CA0055DA7B /* Quality Of Life */;
			targetProxy = F1D74685287501CC0055DA7B /* PBXContainerItemProxy */;
		};
		F1D74690287501CC0055DA7B /* PBXTargetDependency */ = {
			isa = PBXTargetDependency;
			target = F1D7466D287501CA0055DA7B /* Quality Of Life */;
			targetProxy = F1D7468F287501CC0055DA7B /* PBXContainerItemProxy */;
		};
/* End PBXTargetDependency section */

/* Begin PBXVariantGroup section */
		F1D7467C287501CC0055DA7B /* LaunchScreen.storyboard */ = {
			isa = PBXVariantGroup;
			children = (
				F1D7467D287501CC0055DA7B /* Base */,
			);
			name = LaunchScreen.storyboard;
			sourceTree = "<group>";
		};
/* End PBXVariantGroup section */

/* Begin XCBuildConfiguration section */
		F1D74696287501CC0055DA7B /* Debug */ = {
			isa = XCBuildConfiguration;
			buildSettings = {
				ALWAYS_SEARCH_USER_PATHS = NO;
				CLANG_ANALYZER_NONNULL = YES;
				CLANG_ANALYZER_NUMBER_OBJECT_CONVERSION = YES_AGGRESSIVE;
				CLANG_CXX_LANGUAGE_STANDARD = "gnu++17";
				CLANG_ENABLE_MODULES = YES;
				CLANG_ENABLE_OBJC_ARC = YES;
				CLANG_ENABLE_OBJC_WEAK = YES;
				CLANG_WARN_BLOCK_CAPTURE_AUTORELEASING = YES;
				CLANG_WARN_BOOL_CONVERSION = YES;
				CLANG_WARN_COMMA = YES;
				CLANG_WARN_CONSTANT_CONVERSION = YES;
				CLANG_WARN_DEPRECATED_OBJC_IMPLEMENTATIONS = YES;
				CLANG_WARN_DIRECT_OBJC_ISA_USAGE = YES_ERROR;
				CLANG_WARN_DOCUMENTATION_COMMENTS = YES;
				CLANG_WARN_EMPTY_BODY = YES;
				CLANG_WARN_ENUM_CONVERSION = YES;
				CLANG_WARN_INFINITE_RECURSION = YES;
				CLANG_WARN_INT_CONVERSION = YES;
				CLANG_WARN_NON_LITERAL_NULL_CONVERSION = YES;
				CLANG_WARN_OBJC_IMPLICIT_RETAIN_SELF = YES;
				CLANG_WARN_OBJC_LITERAL_CONVERSION = YES;
				CLANG_WARN_OBJC_ROOT_CLASS = YES_ERROR;
				CLANG_WARN_QUOTED_INCLUDE_IN_FRAMEWORK_HEADER = YES;
				CLANG_WARN_RANGE_LOOP_ANALYSIS = YES;
				CLANG_WARN_STRICT_PROTOTYPES = YES;
				CLANG_WARN_SUSPICIOUS_MOVE = YES;
				CLANG_WARN_UNGUARDED_AVAILABILITY = YES_AGGRESSIVE;
				CLANG_WARN_UNREACHABLE_CODE = YES;
				CLANG_WARN__DUPLICATE_METHOD_MATCH = YES;
				COPY_PHASE_STRIP = NO;
				DEBUG_INFORMATION_FORMAT = dwarf;
				ENABLE_STRICT_OBJC_MSGSEND = YES;
				ENABLE_TESTABILITY = YES;
				GCC_C_LANGUAGE_STANDARD = gnu11;
				GCC_DYNAMIC_NO_PIC = NO;
				GCC_NO_COMMON_BLOCKS = YES;
				GCC_OPTIMIZATION_LEVEL = 0;
				GCC_PREPROCESSOR_DEFINITIONS = (
					"DEBUG=1",
					"$(inherited)",
				);
				GCC_WARN_64_TO_32_BIT_CONVERSION = YES;
				GCC_WARN_ABOUT_RETURN_TYPE = YES_ERROR;
				GCC_WARN_UNDECLARED_SELECTOR = YES;
				GCC_WARN_UNINITIALIZED_AUTOS = YES_AGGRESSIVE;
				GCC_WARN_UNUSED_FUNCTION = YES;
				GCC_WARN_UNUSED_VARIABLE = YES;
				IPHONEOS_DEPLOYMENT_TARGET = 15.5;
				MTL_ENABLE_DEBUG_INFO = INCLUDE_SOURCE;
				MTL_FAST_MATH = YES;
				ONLY_ACTIVE_ARCH = YES;
				SDKROOT = iphoneos;
				SWIFT_ACTIVE_COMPILATION_CONDITIONS = DEBUG;
				SWIFT_OPTIMIZATION_LEVEL = "-Onone";
			};
			name = Debug;
		};
		F1D74697287501CC0055DA7B /* Release */ = {
			isa = XCBuildConfiguration;
			buildSettings = {
				ALWAYS_SEARCH_USER_PATHS = NO;
				CLANG_ANALYZER_NONNULL = YES;
				CLANG_ANALYZER_NUMBER_OBJECT_CONVERSION = YES_AGGRESSIVE;
				CLANG_CXX_LANGUAGE_STANDARD = "gnu++17";
				CLANG_ENABLE_MODULES = YES;
				CLANG_ENABLE_OBJC_ARC = YES;
				CLANG_ENABLE_OBJC_WEAK = YES;
				CLANG_WARN_BLOCK_CAPTURE_AUTORELEASING = YES;
				CLANG_WARN_BOOL_CONVERSION = YES;
				CLANG_WARN_COMMA = YES;
				CLANG_WARN_CONSTANT_CONVERSION = YES;
				CLANG_WARN_DEPRECATED_OBJC_IMPLEMENTATIONS = YES;
				CLANG_WARN_DIRECT_OBJC_ISA_USAGE = YES_ERROR;
				CLANG_WARN_DOCUMENTATION_COMMENTS = YES;
				CLANG_WARN_EMPTY_BODY = YES;
				CLANG_WARN_ENUM_CONVERSION = YES;
				CLANG_WARN_INFINITE_RECURSION = YES;
				CLANG_WARN_INT_CONVERSION = YES;
				CLANG_WARN_NON_LITERAL_NULL_CONVERSION = YES;
				CLANG_WARN_OBJC_IMPLICIT_RETAIN_SELF = YES;
				CLANG_WARN_OBJC_LITERAL_CONVERSION = YES;
				CLANG_WARN_OBJC_ROOT_CLASS = YES_ERROR;
				CLANG_WARN_QUOTED_INCLUDE_IN_FRAMEWORK_HEADER = YES;
				CLANG_WARN_RANGE_LOOP_ANALYSIS = YES;
				CLANG_WARN_STRICT_PROTOTYPES = YES;
				CLANG_WARN_SUSPICIOUS_MOVE = YES;
				CLANG_WARN_UNGUARDED_AVAILABILITY = YES_AGGRESSIVE;
				CLANG_WARN_UNREACHABLE_CODE = YES;
				CLANG_WARN__DUPLICATE_METHOD_MATCH = YES;
				COPY_PHASE_STRIP = NO;
				DEBUG_INFORMATION_FORMAT = "dwarf-with-dsym";
				ENABLE_NS_ASSERTIONS = NO;
				ENABLE_STRICT_OBJC_MSGSEND = YES;
				GCC_C_LANGUAGE_STANDARD = gnu11;
				GCC_NO_COMMON_BLOCKS = YES;
				GCC_WARN_64_TO_32_BIT_CONVERSION = YES;
				GCC_WARN_ABOUT_RETURN_TYPE = YES_ERROR;
				GCC_WARN_UNDECLARED_SELECTOR = YES;
				GCC_WARN_UNINITIALIZED_AUTOS = YES_AGGRESSIVE;
				GCC_WARN_UNUSED_FUNCTION = YES;
				GCC_WARN_UNUSED_VARIABLE = YES;
				IPHONEOS_DEPLOYMENT_TARGET = 15.5;
				MTL_ENABLE_DEBUG_INFO = NO;
				MTL_FAST_MATH = YES;
				SDKROOT = iphoneos;
				SWIFT_COMPILATION_MODE = wholemodule;
				SWIFT_OPTIMIZATION_LEVEL = "-O";
				VALIDATE_PRODUCT = YES;
			};
			name = Release;
		};
		F1D74699287501CC0055DA7B /* Debug */ = {
			isa = XCBuildConfiguration;
			buildSettings = {
				ASSETCATALOG_COMPILER_APPICON_NAME = AppIcon;
				ASSETCATALOG_COMPILER_GLOBAL_ACCENT_COLOR_NAME = AccentColor;
				CODE_SIGN_STYLE = Automatic;
				CURRENT_PROJECT_VERSION = 1;
				DEVELOPMENT_TEAM = WP84YCCZ8G;
				GENERATE_INFOPLIST_FILE = YES;
				INFOPLIST_FILE = "Quality Of Life/Info.plist";
				INFOPLIST_KEY_UIApplicationSupportsIndirectInputEvents = YES;
				INFOPLIST_KEY_UILaunchStoryboardName = LaunchScreen;
				INFOPLIST_KEY_UISupportedInterfaceOrientations_iPad = "UIInterfaceOrientationPortrait UIInterfaceOrientationPortraitUpsideDown UIInterfaceOrientationLandscapeLeft UIInterfaceOrientationLandscapeRight";
				INFOPLIST_KEY_UISupportedInterfaceOrientations_iPhone = "UIInterfaceOrientationPortrait UIInterfaceOrientationLandscapeLeft UIInterfaceOrientationLandscapeRight";
				LD_RUNPATH_SEARCH_PATHS = (
					"$(inherited)",
					"@executable_path/Frameworks",
				);
				MARKETING_VERSION = 1.0;
				PRODUCT_BUNDLE_IDENTIFIER = "com.danielmori.Quality-Of-Life";
				PRODUCT_NAME = "$(TARGET_NAME)";
				SWIFT_EMIT_LOC_STRINGS = YES;
				SWIFT_VERSION = 5.0;
				TARGETED_DEVICE_FAMILY = "1,2";
			};
			name = Debug;
		};
		F1D7469A287501CC0055DA7B /* Release */ = {
			isa = XCBuildConfiguration;
			buildSettings = {
				ASSETCATALOG_COMPILER_APPICON_NAME = AppIcon;
				ASSETCATALOG_COMPILER_GLOBAL_ACCENT_COLOR_NAME = AccentColor;
				CODE_SIGN_STYLE = Automatic;
				CURRENT_PROJECT_VERSION = 1;
				DEVELOPMENT_TEAM = WP84YCCZ8G;
				GENERATE_INFOPLIST_FILE = YES;
				INFOPLIST_FILE = "Quality Of Life/Info.plist";
				INFOPLIST_KEY_UIApplicationSupportsIndirectInputEvents = YES;
				INFOPLIST_KEY_UILaunchStoryboardName = LaunchScreen;
				INFOPLIST_KEY_UISupportedInterfaceOrientations_iPad = "UIInterfaceOrientationPortrait UIInterfaceOrientationPortraitUpsideDown UIInterfaceOrientationLandscapeLeft UIInterfaceOrientationLandscapeRight";
				INFOPLIST_KEY_UISupportedInterfaceOrientations_iPhone = "UIInterfaceOrientationPortrait UIInterfaceOrientationLandscapeLeft UIInterfaceOrientationLandscapeRight";
				LD_RUNPATH_SEARCH_PATHS = (
					"$(inherited)",
					"@executable_path/Frameworks",
				);
				MARKETING_VERSION = 1.0;
				PRODUCT_BUNDLE_IDENTIFIER = "com.danielmori.Quality-Of-Life";
				PRODUCT_NAME = "$(TARGET_NAME)";
				SWIFT_EMIT_LOC_STRINGS = YES;
				SWIFT_VERSION = 5.0;
				TARGETED_DEVICE_FAMILY = "1,2";
			};
			name = Release;
		};
		F1D7469C287501CC0055DA7B /* Debug */ = {
			isa = XCBuildConfiguration;
			buildSettings = {
				ALWAYS_EMBED_SWIFT_STANDARD_LIBRARIES = YES;
				BUNDLE_LOADER = "$(TEST_HOST)";
				CODE_SIGN_STYLE = Automatic;
				CURRENT_PROJECT_VERSION = 1;
				DEVELOPMENT_TEAM = WP84YCCZ8G;
				GENERATE_INFOPLIST_FILE = YES;
				IPHONEOS_DEPLOYMENT_TARGET = 15.5;
				MARKETING_VERSION = 1.0;
				PRODUCT_BUNDLE_IDENTIFIER = "com.danielmori.Quality-Of-LifeTests";
				PRODUCT_NAME = "$(TARGET_NAME)";
				SWIFT_EMIT_LOC_STRINGS = NO;
				SWIFT_VERSION = 5.0;
				TARGETED_DEVICE_FAMILY = "1,2";
				TEST_HOST = "$(BUILT_PRODUCTS_DIR)/Quality Of Life.app/Quality Of Life";
			};
			name = Debug;
		};
		F1D7469D287501CC0055DA7B /* Release */ = {
			isa = XCBuildConfiguration;
			buildSettings = {
				ALWAYS_EMBED_SWIFT_STANDARD_LIBRARIES = YES;
				BUNDLE_LOADER = "$(TEST_HOST)";
				CODE_SIGN_STYLE = Automatic;
				CURRENT_PROJECT_VERSION = 1;
				DEVELOPMENT_TEAM = WP84YCCZ8G;
				GENERATE_INFOPLIST_FILE = YES;
				IPHONEOS_DEPLOYMENT_TARGET = 15.5;
				MARKETING_VERSION = 1.0;
				PRODUCT_BUNDLE_IDENTIFIER = "com.danielmori.Quality-Of-LifeTests";
				PRODUCT_NAME = "$(TARGET_NAME)";
				SWIFT_EMIT_LOC_STRINGS = NO;
				SWIFT_VERSION = 5.0;
				TARGETED_DEVICE_FAMILY = "1,2";
				TEST_HOST = "$(BUILT_PRODUCTS_DIR)/Quality Of Life.app/Quality Of Life";
			};
			name = Release;
		};
		F1D7469F287501CC0055DA7B /* Debug */ = {
			isa = XCBuildConfiguration;
			buildSettings = {
				ALWAYS_EMBED_SWIFT_STANDARD_LIBRARIES = YES;
				CODE_SIGN_STYLE = Automatic;
				CURRENT_PROJECT_VERSION = 1;
				DEVELOPMENT_TEAM = WP84YCCZ8G;
				GENERATE_INFOPLIST_FILE = YES;
				MARKETING_VERSION = 1.0;
				PRODUCT_BUNDLE_IDENTIFIER = "com.danielmori.Quality-Of-LifeUITests";
				PRODUCT_NAME = "$(TARGET_NAME)";
				SWIFT_EMIT_LOC_STRINGS = NO;
				SWIFT_VERSION = 5.0;
				TARGETED_DEVICE_FAMILY = "1,2";
				TEST_TARGET_NAME = "Quality Of Life";
			};
			name = Debug;
		};
		F1D746A0287501CC0055DA7B /* Release */ = {
			isa = XCBuildConfiguration;
			buildSettings = {
				ALWAYS_EMBED_SWIFT_STANDARD_LIBRARIES = YES;
				CODE_SIGN_STYLE = Automatic;
				CURRENT_PROJECT_VERSION = 1;
				DEVELOPMENT_TEAM = WP84YCCZ8G;
				GENERATE_INFOPLIST_FILE = YES;
				MARKETING_VERSION = 1.0;
				PRODUCT_BUNDLE_IDENTIFIER = "com.danielmori.Quality-Of-LifeUITests";
				PRODUCT_NAME = "$(TARGET_NAME)";
				SWIFT_EMIT_LOC_STRINGS = NO;
				SWIFT_VERSION = 5.0;
				TARGETED_DEVICE_FAMILY = "1,2";
				TEST_TARGET_NAME = "Quality Of Life";
			};
			name = Release;
		};
/* End XCBuildConfiguration section */

/* Begin XCConfigurationList section */
		F1D74669287501CA0055DA7B /* Build configuration list for PBXProject "Quality Of Life" */ = {
			isa = XCConfigurationList;
			buildConfigurations = (
				F1D74696287501CC0055DA7B /* Debug */,
				F1D74697287501CC0055DA7B /* Release */,
			);
			defaultConfigurationIsVisible = 0;
			defaultConfigurationName = Release;
		};
		F1D74698287501CC0055DA7B /* Build configuration list for PBXNativeTarget "Quality Of Life" */ = {
			isa = XCConfigurationList;
			buildConfigurations = (
				F1D74699287501CC0055DA7B /* Debug */,
				F1D7469A287501CC0055DA7B /* Release */,
			);
			defaultConfigurationIsVisible = 0;
			defaultConfigurationName = Release;
		};
		F1D7469B287501CC0055DA7B /* Build configuration list for PBXNativeTarget "Quality Of LifeTests" */ = {
			isa = XCConfigurationList;
			buildConfigurations = (
				F1D7469C287501CC0055DA7B /* Debug */,
				F1D7469D287501CC0055DA7B /* Release */,
			);
			defaultConfigurationIsVisible = 0;
			defaultConfigurationName = Release;
		};
		F1D7469E287501CC0055DA7B /* Build configuration list for PBXNativeTarget "Quality Of LifeUITests" */ = {
			isa = XCConfigurationList;
			buildConfigurations = (
				F1D7469F287501CC0055DA7B /* Debug */,
				F1D746A0287501CC0055DA7B /* Release */,
			);
			defaultConfigurationIsVisible = 0;
			defaultConfigurationName = Release;
		};
/* End XCConfigurationList section */
	};
	rootObject = F1D74666287501CA0055DA7B /* Project object */;
}
